
Microsoft Visual Studio Solution File, Format Version 12.00
# Visual Studio 15
VisualStudioVersion = 15.0.27428.2037
MinimumVisualStudioVersion = 10.0.40219.1
Project("{9A19103F-16F7-4668-BE54-9A1E7A4F7556}") = "POC_ORM_NetCore", "src\POC_ORM_NetCore\POC_ORM_NetCore.csproj", "{0B10CF70-731B-489E-9511-38FEA98CD561}"
EndProject
Project("{9A19103F-16F7-4668-BE54-9A1E7A4F7556}") = "Data.Dapper", "src\Data.Dapper\Data.Dapper.csproj", "{8DE502BD-B5C6-4652-8B17-1C7D845F1518}"
EndProject
Project("{9A19103F-16F7-4668-BE54-9A1E7A4F7556}") = "Data.EntityFramework", "src\Data.EntityFramework\Data.EntityFramework.csproj", "{C7BB7046-0C69-4913-9C1C-9787B2355A51}"
EndProject
Project("{9A19103F-16F7-4668-BE54-9A1E7A4F7556}") = "Data.ADO", "src\Data.ADO\Data.ADO.csproj", "{50D9E1FB-9C5A-4040-B2E7-5D2DCCD6B475}"
EndProject
Project("{9A19103F-16F7-4668-BE54-9A1E7A4F7556}") = "Model", "src\Model\Model.csproj", "{51D0E17A-0414-4CAB-8890-7D2BA7F34C7D}"
EndProject
Project("{9A19103F-16F7-4668-BE54-9A1E7A4F7556}") = "Data.Base", "src\Data.Base\Data.Base.csproj", "{908EDB02-EB96-4121-95EF-DACC33424B14}"
EndProject
Project("{FAE04EC0-301F-11D3-BF4B-00C04F79EFBC}") = "Data.NHibernate", "src\Data.NHibernate\Data.NHibernate.csproj", "{F5E36423-E92B-4285-8B7B-8C804D92D157}"
EndProject
Global
	GlobalSection(SolutionConfigurationPlatforms) = preSolution
		Debug|Any CPU = Debug|Any CPU
		Release|Any CPU = Release|Any CPU
	EndGlobalSection
	GlobalSection(ProjectConfigurationPlatforms) = postSolution
		{0B10CF70-731B-489E-9511-38FEA98CD561}.Debug|Any CPU.ActiveCfg = Debug|Any CPU
		{0B10CF70-731B-489E-9511-38FEA98CD561}.Debug|Any CPU.Build.0 = Debug|Any CPU
		{0B10CF70-731B-489E-9511-38FEA98CD561}.Release|Any CPU.ActiveCfg = Release|Any CPU
		{0B10CF70-731B-489E-9511-38FEA98CD561}.Release|Any CPU.Build.0 = Release|Any CPU
		{8DE502BD-B5C6-4652-8B17-1C7D845F1518}.Debug|Any CPU.ActiveCfg = Debug|Any CPU
		{8DE502BD-B5C6-4652-8B17-1C7D845F1518}.Debug|Any CPU.Build.0 = Debug|Any CPU
		{8DE502BD-B5C6-4652-8B17-1C7D845F1518}.Release|Any CPU.ActiveCfg = Release|Any CPU
		{8DE502BD-B5C6-4652-8B17-1C7D845F1518}.Release|Any CPU.Build.0 = Release|Any CPU
		{C7BB7046-0C69-4913-9C1C-9787B2355A51}.Debug|Any CPU.ActiveCfg = Debug|Any CPU
		{C7BB7046-0C69-4913-9C1C-9787B2355A51}.Debug|Any CPU.Build.0 = Debug|Any CPU
		{C7BB7046-0C69-4913-9C1C-9787B2355A51}.Release|Any CPU.ActiveCfg = Release|Any CPU
		{C7BB7046-0C69-4913-9C1C-9787B2355A51}.Release|Any CPU.Build.0 = Release|Any CPU
		{50D9E1FB-9C5A-4040-B2E7-5D2DCCD6B475}.Debug|Any CPU.ActiveCfg = Debug|Any CPU
		{50D9E1FB-9C5A-4040-B2E7-5D2DCCD6B475}.Debug|Any CPU.Build.0 = Debug|Any CPU
		{50D9E1FB-9C5A-4040-B2E7-5D2DCCD6B475}.Release|Any CPU.ActiveCfg = Release|Any CPU
		{50D9E1FB-9C5A-4040-B2E7-5D2DCCD6B475}.Release|Any CPU.Build.0 = Release|Any CPU
		{51D0E17A-0414-4CAB-8890-7D2BA7F34C7D}.Debug|Any CPU.ActiveCfg = Debug|Any CPU
		{51D0E17A-0414-4CAB-8890-7D2BA7F34C7D}.Debug|Any CPU.Build.0 = Debug|Any CPU
		{51D0E17A-0414-4CAB-8890-7D2BA7F34C7D}.Release|Any CPU.ActiveCfg = Release|Any CPU
		{51D0E17A-0414-4CAB-8890-7D2BA7F34C7D}.Release|Any CPU.Build.0 = Release|Any CPU
		{908EDB02-EB96-4121-95EF-DACC33424B14}.Debug|Any CPU.ActiveCfg = Debug|Any CPU
		{908EDB02-EB96-4121-95EF-DACC33424B14}.Debug|Any CPU.Build.0 = Debug|Any CPU
		{908EDB02-EB96-4121-95EF-DACC33424B14}.Release|Any CPU.ActiveCfg = Release|Any CPU
		{908EDB02-EB96-4121-95EF-DACC33424B14}.Release|Any CPU.Build.0 = Release|Any CPU
		{F5E36423-E92B-4285-8B7B-8C804D92D157}.Debug|Any CPU.ActiveCfg = Debug|Any CPU
		{F5E36423-E92B-4285-8B7B-8C804D92D157}.Debug|Any CPU.Build.0 = Debug|Any CPU
		{F5E36423-E92B-4285-8B7B-8C804D92D157}.Release|Any CPU.ActiveCfg = Release|Any CPU
		{F5E36423-E92B-4285-8B7B-8C804D92D157}.Release|Any CPU.Build.0 = Release|Any CPU
	EndGlobalSection
	GlobalSection(SolutionProperties) = preSolution
		HideSolutionNode = FALSE
	EndGlobalSection
	GlobalSection(ExtensibilityGlobals) = postSolution
		SolutionGuid = {9172C39E-3A69-4646-9E6E-D119A6754710}
	EndGlobalSection
EndGlobal
